
Microsoft Visual Studio Solution File, Format Version 12.00
# Visual Studio Version 16
VisualStudioVersion = 16.0.30204.135
MinimumVisualStudioVersion = 10.0.40219.1
Project("{9A19103F-16F7-4668-BE54-9A1E7A4F7556}") = "P01_StudentSystem", "P01_StudentSystem\P01_StudentSystem.csproj", "{847E4295-824D-4271-8C1C-4B9D5B71901B}"
EndProject
Project("{FAE04EC0-301F-11D3-BF4B-00C04F79EFBC}") = "P03_FootballBetting", "P03_FootballBetting\P03_FootballBetting.csproj", "{2A422CCE-CCFE-4BBF-848F-1F7F2E3A34DC}"
EndProject
Global
	GlobalSection(SolutionConfigurationPlatforms) = preSolution
		Debug|Any CPU = Debug|Any CPU
		Release|Any CPU = Release|Any CPU
	EndGlobalSection
	GlobalSection(ProjectConfigurationPlatforms) = postSolution
		{847E4295-824D-4271-8C1C-4B9D5B71901B}.Debug|Any CPU.ActiveCfg = Debug|Any CPU
		{847E4295-824D-4271-8C1C-4B9D5B71901B}.Debug|Any CPU.Build.0 = Debug|Any CPU
		{847E4295-824D-4271-8C1C-4B9D5B71901B}.Release|Any CPU.ActiveCfg = Release|Any CPU
		{847E4295-824D-4271-8C1C-4B9D5B71901B}.Release|Any CPU.Build.0 = Release|Any CPU
		{2A422CCE-CCFE-4BBF-848F-1F7F2E3A34DC}.Debug|Any CPU.ActiveCfg = Debug|Any CPU
		{2A422CCE-CCFE-4BBF-848F-1F7F2E3A34DC}.Debug|Any CPU.Build.0 = Debug|Any CPU
		{2A422CCE-CCFE-4BBF-848F-1F7F2E3A34DC}.Release|Any CPU.ActiveCfg = Release|Any CPU
		{2A422CCE-CCFE-4BBF-848F-1F7F2E3A34DC}.Release|Any CPU.Build.0 = Release|Any CPU
	EndGlobalSection
	GlobalSection(SolutionProperties) = preSolution
		HideSolutionNode = FALSE
	EndGlobalSection
	GlobalSection(ExtensibilityGlobals) = postSolution
		SolutionGuid = {56351537-1F19-4242-9FAB-66BCBC0C418C}
	EndGlobalSection
EndGlobal
