
Microsoft Visual Studio Solution File, Format Version 12.00
# Visual Studio Version 16
VisualStudioVersion = 16.0.29613.14
MinimumVisualStudioVersion = 10.0.40219.1
Project("{9A19103F-16F7-4668-BE54-9A1E7A4F7556}") = "Rabbits", "3. Rabbits_Skeleton\Rabbits.csproj", "{4D044CA9-E495-4198-8F96-AEBDD01FD6A5}"
EndProject
Project("{FAE04EC0-301F-11D3-BF4B-00C04F79EFBC}") = "2. Book Worm", "2. Book Worm\2. Book Worm.csproj", "{F5B867F3-DB0C-4928-8300-547035DA8425}"
EndProject
Project("{FAE04EC0-301F-11D3-BF4B-00C04F79EFBC}") = "1. Dating App", "1. Dating App\1. Dating App.csproj", "{A38D30D7-363C-47EE-B19F-9B6BFEA389F8}"
EndProject
Global
	GlobalSection(SolutionConfigurationPlatforms) = preSolution
		Debug|Any CPU = Debug|Any CPU
		Release|Any CPU = Release|Any CPU
	EndGlobalSection
	GlobalSection(ProjectConfigurationPlatforms) = postSolution
		{4D044CA9-E495-4198-8F96-AEBDD01FD6A5}.Debug|Any CPU.ActiveCfg = Debug|Any CPU
		{4D044CA9-E495-4198-8F96-AEBDD01FD6A5}.Debug|Any CPU.Build.0 = Debug|Any CPU
		{4D044CA9-E495-4198-8F96-AEBDD01FD6A5}.Release|Any CPU.ActiveCfg = Release|Any CPU
		{4D044CA9-E495-4198-8F96-AEBDD01FD6A5}.Release|Any CPU.Build.0 = Release|Any CPU
		{F5B867F3-DB0C-4928-8300-547035DA8425}.Debug|Any CPU.ActiveCfg = Debug|Any CPU
		{F5B867F3-DB0C-4928-8300-547035DA8425}.Debug|Any CPU.Build.0 = Debug|Any CPU
		{F5B867F3-DB0C-4928-8300-547035DA8425}.Release|Any CPU.ActiveCfg = Release|Any CPU
		{F5B867F3-DB0C-4928-8300-547035DA8425}.Release|Any CPU.Build.0 = Release|Any CPU
		{A38D30D7-363C-47EE-B19F-9B6BFEA389F8}.Debug|Any CPU.ActiveCfg = Debug|Any CPU
		{A38D30D7-363C-47EE-B19F-9B6BFEA389F8}.Debug|Any CPU.Build.0 = Debug|Any CPU
		{A38D30D7-363C-47EE-B19F-9B6BFEA389F8}.Release|Any CPU.ActiveCfg = Release|Any CPU
		{A38D30D7-363C-47EE-B19F-9B6BFEA389F8}.Release|Any CPU.Build.0 = Release|Any CPU
	EndGlobalSection
	GlobalSection(SolutionProperties) = preSolution
		HideSolutionNode = FALSE
	EndGlobalSection
	GlobalSection(ExtensibilityGlobals) = postSolution
		SolutionGuid = {343E49DD-B45F-4F23-BA7D-385D73C915EF}
	EndGlobalSection
EndGlobal
