
Microsoft Visual Studio Solution File, Format Version 12.00
# Visual Studio 15
VisualStudioVersion = 15.0.28010.2046
MinimumVisualStudioVersion = 10.0.40219.1
Project("{FAE04EC0-301F-11D3-BF4B-00C04F79EFBC}") = "01. Concert", "01. Concert\01. Concert.csproj", "{E2AB3842-6E62-4982-9E8B-CCF15F6F3ACB}"
EndProject
Project("{FAE04EC0-301F-11D3-BF4B-00C04F79EFBC}") = "02. Song Encryption", "02. Song Encryption\02. Song Encryption.csproj", "{E1C6039F-5DD0-41F0-A71E-6B402466ADE7}"
EndProject
Project("{FAE04EC0-301F-11D3-BF4B-00C04F79EFBC}") = "03. The Isle of Man TT Race", "03. The Isle of Man TT Race\03. The Isle of Man TT Race.csproj", "{C2A3A009-FEAA-4668-A5C6-654F1CC6192E}"
EndProject
Global
	GlobalSection(SolutionConfigurationPlatforms) = preSolution
		Debug|Any CPU = Debug|Any CPU
		Release|Any CPU = Release|Any CPU
	EndGlobalSection
	GlobalSection(ProjectConfigurationPlatforms) = postSolution
		{E2AB3842-6E62-4982-9E8B-CCF15F6F3ACB}.Debug|Any CPU.ActiveCfg = Debug|Any CPU
		{E2AB3842-6E62-4982-9E8B-CCF15F6F3ACB}.Debug|Any CPU.Build.0 = Debug|Any CPU
		{E2AB3842-6E62-4982-9E8B-CCF15F6F3ACB}.Release|Any CPU.ActiveCfg = Release|Any CPU
		{E2AB3842-6E62-4982-9E8B-CCF15F6F3ACB}.Release|Any CPU.Build.0 = Release|Any CPU
		{E1C6039F-5DD0-41F0-A71E-6B402466ADE7}.Debug|Any CPU.ActiveCfg = Debug|Any CPU
		{E1C6039F-5DD0-41F0-A71E-6B402466ADE7}.Debug|Any CPU.Build.0 = Debug|Any CPU
		{E1C6039F-5DD0-41F0-A71E-6B402466ADE7}.Release|Any CPU.ActiveCfg = Release|Any CPU
		{E1C6039F-5DD0-41F0-A71E-6B402466ADE7}.Release|Any CPU.Build.0 = Release|Any CPU
		{C2A3A009-FEAA-4668-A5C6-654F1CC6192E}.Debug|Any CPU.ActiveCfg = Debug|Any CPU
		{C2A3A009-FEAA-4668-A5C6-654F1CC6192E}.Debug|Any CPU.Build.0 = Debug|Any CPU
		{C2A3A009-FEAA-4668-A5C6-654F1CC6192E}.Release|Any CPU.ActiveCfg = Release|Any CPU
		{C2A3A009-FEAA-4668-A5C6-654F1CC6192E}.Release|Any CPU.Build.0 = Release|Any CPU
	EndGlobalSection
	GlobalSection(SolutionProperties) = preSolution
		HideSolutionNode = FALSE
	EndGlobalSection
	GlobalSection(ExtensibilityGlobals) = postSolution
		SolutionGuid = {F88E2331-B87D-43C7-ACA7-E4F5EBE48A7E}
	EndGlobalSection
EndGlobal
