
Microsoft Visual Studio Solution File, Format Version 12.00
# Visual Studio 15
VisualStudioVersion = 15.0.28010.2046
MinimumVisualStudioVersion = 10.0.40219.1
Project("{FAE04EC0-301F-11D3-BF4B-00C04F79EFBC}") = "01. Party Profit", "01. Party Profit\01. Party Profit.csproj", "{F1448663-4AE3-442A-AB20-201E5A7E4E1F}"
EndProject
Project("{FAE04EC0-301F-11D3-BF4B-00C04F79EFBC}") = "02. Easter Gifts", "02. Easter Gifts\02. Easter Gifts.csproj", "{C5717C6A-44D2-4030-A3F8-3591603B54EB}"
EndProject
Project("{FAE04EC0-301F-11D3-BF4B-00C04F79EFBC}") = "03. Last Stop", "03. Last Stop\03. Last Stop.csproj", "{8AAC1604-0665-4471-B98B-FBCD2B06828D}"
EndProject
Global
	GlobalSection(SolutionConfigurationPlatforms) = preSolution
		Debug|Any CPU = Debug|Any CPU
		Release|Any CPU = Release|Any CPU
	EndGlobalSection
	GlobalSection(ProjectConfigurationPlatforms) = postSolution
		{F1448663-4AE3-442A-AB20-201E5A7E4E1F}.Debug|Any CPU.ActiveCfg = Debug|Any CPU
		{F1448663-4AE3-442A-AB20-201E5A7E4E1F}.Debug|Any CPU.Build.0 = Debug|Any CPU
		{F1448663-4AE3-442A-AB20-201E5A7E4E1F}.Release|Any CPU.ActiveCfg = Release|Any CPU
		{F1448663-4AE3-442A-AB20-201E5A7E4E1F}.Release|Any CPU.Build.0 = Release|Any CPU
		{C5717C6A-44D2-4030-A3F8-3591603B54EB}.Debug|Any CPU.ActiveCfg = Debug|Any CPU
		{C5717C6A-44D2-4030-A3F8-3591603B54EB}.Debug|Any CPU.Build.0 = Debug|Any CPU
		{C5717C6A-44D2-4030-A3F8-3591603B54EB}.Release|Any CPU.ActiveCfg = Release|Any CPU
		{C5717C6A-44D2-4030-A3F8-3591603B54EB}.Release|Any CPU.Build.0 = Release|Any CPU
		{8AAC1604-0665-4471-B98B-FBCD2B06828D}.Debug|Any CPU.ActiveCfg = Debug|Any CPU
		{8AAC1604-0665-4471-B98B-FBCD2B06828D}.Debug|Any CPU.Build.0 = Debug|Any CPU
		{8AAC1604-0665-4471-B98B-FBCD2B06828D}.Release|Any CPU.ActiveCfg = Release|Any CPU
		{8AAC1604-0665-4471-B98B-FBCD2B06828D}.Release|Any CPU.Build.0 = Release|Any CPU
	EndGlobalSection
	GlobalSection(SolutionProperties) = preSolution
		HideSolutionNode = FALSE
	EndGlobalSection
	GlobalSection(ExtensibilityGlobals) = postSolution
		SolutionGuid = {91D858A5-1059-40E2-B7AC-0EFB016F1C2F}
	EndGlobalSection
EndGlobal
