
Microsoft Visual Studio Solution File, Format Version 12.00
# Visual Studio 15
VisualStudioVersion = 15.0.28010.2046
MinimumVisualStudioVersion = 10.0.40219.1
Project("{9A19103F-16F7-4668-BE54-9A1E7A4F7556}") = "01. Integer Operations", "01. Integer Operations\01. Integer Operations.csproj", "{5A5DC572-5AA0-4A28-87F4-D3B04775041D}"
EndProject
Project("{9A19103F-16F7-4668-BE54-9A1E7A4F7556}") = "02. Sum Digits", "02. Sum Digits\02. Sum Digits.csproj", "{615614CE-326C-441C-8600-9288C3DDC491}"
EndProject
Project("{9A19103F-16F7-4668-BE54-9A1E7A4F7556}") = "03. Elevator", "03. Elevator\03. Elevator.csproj", "{38C26E90-7DD2-4AA8-BEC7-200AE96CBF6B}"
EndProject
Project("{9A19103F-16F7-4668-BE54-9A1E7A4F7556}") = "05. Print Part Of ASCII Table", "05. Print Part Of ASCII Table\05. Print Part Of ASCII Table.csproj", "{57458152-D840-47CF-B2E5-F4F656C4632B}"
EndProject
Project("{9A19103F-16F7-4668-BE54-9A1E7A4F7556}") = "06. Triples of Latin Letters", "06. Triples of Latin Letters\06. Triples of Latin Letters.csproj", "{8164EE96-6EAF-4990-AC7D-DA8AD3EB8F25}"
EndProject
Project("{9A19103F-16F7-4668-BE54-9A1E7A4F7556}") = "07. Water Overflow", "07. Water Overflow\07. Water Overflow.csproj", "{2471AE7A-A8BC-417B-AE14-5F28635B4687}"
EndProject
Project("{9A19103F-16F7-4668-BE54-9A1E7A4F7556}") = "08. Beer Kegs", "08. Beer Kegs\08. Beer Kegs.csproj", "{EFE7AC8A-F01D-4FA6-AFFB-6972787318CA}"
EndProject
Project("{9A19103F-16F7-4668-BE54-9A1E7A4F7556}") = "09. Spice Must Flow", "09. Spice Must Flow\09. Spice Must Flow.csproj", "{AF56FC66-D280-497D-ADA1-5A37E46A6400}"
EndProject
Project("{9A19103F-16F7-4668-BE54-9A1E7A4F7556}") = "04. Sum of Chars", "04. Sum of Chars\04. Sum of Chars.csproj", "{B9E168C6-885B-4073-A92A-FF194E29E8E8}"
EndProject
Project("{FAE04EC0-301F-11D3-BF4B-00C04F79EFBC}") = "10. Poke Mon", "10. Poke Mon\10. Poke Mon.csproj", "{BAD5BA30-077B-461D-B595-D03053431502}"
EndProject
Project("{FAE04EC0-301F-11D3-BF4B-00C04F79EFBC}") = "11. Snowballs", "11. Snowballs\11. Snowballs.csproj", "{CEB11CDA-504B-42D1-B0CC-97756FB40CB6}"
EndProject
Global
	GlobalSection(SolutionConfigurationPlatforms) = preSolution
		Debug|Any CPU = Debug|Any CPU
		Release|Any CPU = Release|Any CPU
	EndGlobalSection
	GlobalSection(ProjectConfigurationPlatforms) = postSolution
		{5A5DC572-5AA0-4A28-87F4-D3B04775041D}.Debug|Any CPU.ActiveCfg = Debug|Any CPU
		{5A5DC572-5AA0-4A28-87F4-D3B04775041D}.Debug|Any CPU.Build.0 = Debug|Any CPU
		{5A5DC572-5AA0-4A28-87F4-D3B04775041D}.Release|Any CPU.ActiveCfg = Release|Any CPU
		{5A5DC572-5AA0-4A28-87F4-D3B04775041D}.Release|Any CPU.Build.0 = Release|Any CPU
		{615614CE-326C-441C-8600-9288C3DDC491}.Debug|Any CPU.ActiveCfg = Debug|Any CPU
		{615614CE-326C-441C-8600-9288C3DDC491}.Debug|Any CPU.Build.0 = Debug|Any CPU
		{615614CE-326C-441C-8600-9288C3DDC491}.Release|Any CPU.ActiveCfg = Release|Any CPU
		{615614CE-326C-441C-8600-9288C3DDC491}.Release|Any CPU.Build.0 = Release|Any CPU
		{38C26E90-7DD2-4AA8-BEC7-200AE96CBF6B}.Debug|Any CPU.ActiveCfg = Debug|Any CPU
		{38C26E90-7DD2-4AA8-BEC7-200AE96CBF6B}.Debug|Any CPU.Build.0 = Debug|Any CPU
		{38C26E90-7DD2-4AA8-BEC7-200AE96CBF6B}.Release|Any CPU.ActiveCfg = Release|Any CPU
		{38C26E90-7DD2-4AA8-BEC7-200AE96CBF6B}.Release|Any CPU.Build.0 = Release|Any CPU
		{57458152-D840-47CF-B2E5-F4F656C4632B}.Debug|Any CPU.ActiveCfg = Debug|Any CPU
		{57458152-D840-47CF-B2E5-F4F656C4632B}.Debug|Any CPU.Build.0 = Debug|Any CPU
		{57458152-D840-47CF-B2E5-F4F656C4632B}.Release|Any CPU.ActiveCfg = Release|Any CPU
		{57458152-D840-47CF-B2E5-F4F656C4632B}.Release|Any CPU.Build.0 = Release|Any CPU
		{8164EE96-6EAF-4990-AC7D-DA8AD3EB8F25}.Debug|Any CPU.ActiveCfg = Debug|Any CPU
		{8164EE96-6EAF-4990-AC7D-DA8AD3EB8F25}.Debug|Any CPU.Build.0 = Debug|Any CPU
		{8164EE96-6EAF-4990-AC7D-DA8AD3EB8F25}.Release|Any CPU.ActiveCfg = Release|Any CPU
		{8164EE96-6EAF-4990-AC7D-DA8AD3EB8F25}.Release|Any CPU.Build.0 = Release|Any CPU
		{2471AE7A-A8BC-417B-AE14-5F28635B4687}.Debug|Any CPU.ActiveCfg = Debug|Any CPU
		{2471AE7A-A8BC-417B-AE14-5F28635B4687}.Debug|Any CPU.Build.0 = Debug|Any CPU
		{2471AE7A-A8BC-417B-AE14-5F28635B4687}.Release|Any CPU.ActiveCfg = Release|Any CPU
		{2471AE7A-A8BC-417B-AE14-5F28635B4687}.Release|Any CPU.Build.0 = Release|Any CPU
		{EFE7AC8A-F01D-4FA6-AFFB-6972787318CA}.Debug|Any CPU.ActiveCfg = Debug|Any CPU
		{EFE7AC8A-F01D-4FA6-AFFB-6972787318CA}.Debug|Any CPU.Build.0 = Debug|Any CPU
		{EFE7AC8A-F01D-4FA6-AFFB-6972787318CA}.Release|Any CPU.ActiveCfg = Release|Any CPU
		{EFE7AC8A-F01D-4FA6-AFFB-6972787318CA}.Release|Any CPU.Build.0 = Release|Any CPU
		{AF56FC66-D280-497D-ADA1-5A37E46A6400}.Debug|Any CPU.ActiveCfg = Debug|Any CPU
		{AF56FC66-D280-497D-ADA1-5A37E46A6400}.Debug|Any CPU.Build.0 = Debug|Any CPU
		{AF56FC66-D280-497D-ADA1-5A37E46A6400}.Release|Any CPU.ActiveCfg = Release|Any CPU
		{AF56FC66-D280-497D-ADA1-5A37E46A6400}.Release|Any CPU.Build.0 = Release|Any CPU
		{B9E168C6-885B-4073-A92A-FF194E29E8E8}.Debug|Any CPU.ActiveCfg = Debug|Any CPU
		{B9E168C6-885B-4073-A92A-FF194E29E8E8}.Debug|Any CPU.Build.0 = Debug|Any CPU
		{B9E168C6-885B-4073-A92A-FF194E29E8E8}.Release|Any CPU.ActiveCfg = Release|Any CPU
		{B9E168C6-885B-4073-A92A-FF194E29E8E8}.Release|Any CPU.Build.0 = Release|Any CPU
		{BAD5BA30-077B-461D-B595-D03053431502}.Debug|Any CPU.ActiveCfg = Debug|Any CPU
		{BAD5BA30-077B-461D-B595-D03053431502}.Debug|Any CPU.Build.0 = Debug|Any CPU
		{BAD5BA30-077B-461D-B595-D03053431502}.Release|Any CPU.ActiveCfg = Release|Any CPU
		{BAD5BA30-077B-461D-B595-D03053431502}.Release|Any CPU.Build.0 = Release|Any CPU
		{CEB11CDA-504B-42D1-B0CC-97756FB40CB6}.Debug|Any CPU.ActiveCfg = Debug|Any CPU
		{CEB11CDA-504B-42D1-B0CC-97756FB40CB6}.Debug|Any CPU.Build.0 = Debug|Any CPU
		{CEB11CDA-504B-42D1-B0CC-97756FB40CB6}.Release|Any CPU.ActiveCfg = Release|Any CPU
		{CEB11CDA-504B-42D1-B0CC-97756FB40CB6}.Release|Any CPU.Build.0 = Release|Any CPU
	EndGlobalSection
	GlobalSection(SolutionProperties) = preSolution
		HideSolutionNode = FALSE
	EndGlobalSection
	GlobalSection(ExtensibilityGlobals) = postSolution
		SolutionGuid = {A50B38AF-F482-489D-8AA3-2D47215E55F9}
	EndGlobalSection
EndGlobal
