
Microsoft Visual Studio Solution File, Format Version 12.00
# Visual Studio 15
VisualStudioVersion = 15.0.28010.2046
MinimumVisualStudioVersion = 10.0.40219.1
Project("{9A19103F-16F7-4668-BE54-9A1E7A4F7556}") = "01. Train", "01. Train\01. Train.csproj", "{49FBA5A3-58BB-43EE-83A7-16CF7CD8D852}"
EndProject
Project("{9A19103F-16F7-4668-BE54-9A1E7A4F7556}") = "02. Common Elements", "02. Common Elements\02. Common Elements.csproj", "{24E406C2-0049-4F59-BD30-14E3085CEF3D}"
EndProject
Project("{9A19103F-16F7-4668-BE54-9A1E7A4F7556}") = "03. Zig-Zag Arrays", "03. Zig-Zag Arrays\03. Zig-Zag Arrays.csproj", "{47CDD45E-2A05-4150-9E59-19B24D009E05}"
EndProject
Project("{9A19103F-16F7-4668-BE54-9A1E7A4F7556}") = "04. Array Rotation", "04. Array Rotation\04. Array Rotation.csproj", "{24541B2C-7C40-4CC2-A60A-AEF007560F8E}"
EndProject
Project("{9A19103F-16F7-4668-BE54-9A1E7A4F7556}") = "05. Top Integers", "05. Top Integers\05. Top Integers.csproj", "{B9BF2182-D11E-410B-B827-90A9A75DE653}"
EndProject
Project("{9A19103F-16F7-4668-BE54-9A1E7A4F7556}") = "06. Equal Sum", "06. Equal Sum\06. Equal Sum.csproj", "{F6861108-934F-4266-B945-8B3D91B0F646}"
EndProject
Project("{9A19103F-16F7-4668-BE54-9A1E7A4F7556}") = "00.Test", "00.Test\00.Test.csproj", "{3942F982-49D6-4D1F-A633-6CB362094006}"
EndProject
Project("{9A19103F-16F7-4668-BE54-9A1E7A4F7556}") = "07. Max Sequence of Equal Elements", "07. Max Sequence of Equal Elements\07. Max Sequence of Equal Elements.csproj", "{D5113070-06C3-4B2E-86CF-75B8C0C129B1}"
EndProject
Project("{9A19103F-16F7-4668-BE54-9A1E7A4F7556}") = "08. Magic Sum", "08. Magic Sum\08. Magic Sum.csproj", "{888C5A43-44DD-4BB0-8A6C-51D9E4E7555E}"
EndProject
Project("{9A19103F-16F7-4668-BE54-9A1E7A4F7556}") = "09. Kamino Factory", "09. Kamino Factory\09. Kamino Factory.csproj", "{1477AD69-580C-4485-B6C5-D15B833FE350}"
EndProject
Project("{9A19103F-16F7-4668-BE54-9A1E7A4F7556}") = "10. LadyBugs", "10. LadyBugs\10. LadyBugs.csproj", "{F089EEEC-D157-4C21-8301-5BF6C03E1A1B}"
EndProject
Project("{FAE04EC0-301F-11D3-BF4B-00C04F79EFBC}") = "10. LadyBugs_v2", "10. LadyBugs_v2\10. LadyBugs_v2.csproj", "{13A0D0A2-52B9-4BA4-BAF6-B7E964EA6EB9}"
EndProject
Global
	GlobalSection(SolutionConfigurationPlatforms) = preSolution
		Debug|Any CPU = Debug|Any CPU
		Release|Any CPU = Release|Any CPU
	EndGlobalSection
	GlobalSection(ProjectConfigurationPlatforms) = postSolution
		{49FBA5A3-58BB-43EE-83A7-16CF7CD8D852}.Debug|Any CPU.ActiveCfg = Debug|Any CPU
		{49FBA5A3-58BB-43EE-83A7-16CF7CD8D852}.Debug|Any CPU.Build.0 = Debug|Any CPU
		{49FBA5A3-58BB-43EE-83A7-16CF7CD8D852}.Release|Any CPU.ActiveCfg = Release|Any CPU
		{49FBA5A3-58BB-43EE-83A7-16CF7CD8D852}.Release|Any CPU.Build.0 = Release|Any CPU
		{24E406C2-0049-4F59-BD30-14E3085CEF3D}.Debug|Any CPU.ActiveCfg = Debug|Any CPU
		{24E406C2-0049-4F59-BD30-14E3085CEF3D}.Debug|Any CPU.Build.0 = Debug|Any CPU
		{24E406C2-0049-4F59-BD30-14E3085CEF3D}.Release|Any CPU.ActiveCfg = Release|Any CPU
		{24E406C2-0049-4F59-BD30-14E3085CEF3D}.Release|Any CPU.Build.0 = Release|Any CPU
		{47CDD45E-2A05-4150-9E59-19B24D009E05}.Debug|Any CPU.ActiveCfg = Debug|Any CPU
		{47CDD45E-2A05-4150-9E59-19B24D009E05}.Debug|Any CPU.Build.0 = Debug|Any CPU
		{47CDD45E-2A05-4150-9E59-19B24D009E05}.Release|Any CPU.ActiveCfg = Release|Any CPU
		{47CDD45E-2A05-4150-9E59-19B24D009E05}.Release|Any CPU.Build.0 = Release|Any CPU
		{24541B2C-7C40-4CC2-A60A-AEF007560F8E}.Debug|Any CPU.ActiveCfg = Debug|Any CPU
		{24541B2C-7C40-4CC2-A60A-AEF007560F8E}.Debug|Any CPU.Build.0 = Debug|Any CPU
		{24541B2C-7C40-4CC2-A60A-AEF007560F8E}.Release|Any CPU.ActiveCfg = Release|Any CPU
		{24541B2C-7C40-4CC2-A60A-AEF007560F8E}.Release|Any CPU.Build.0 = Release|Any CPU
		{B9BF2182-D11E-410B-B827-90A9A75DE653}.Debug|Any CPU.ActiveCfg = Debug|Any CPU
		{B9BF2182-D11E-410B-B827-90A9A75DE653}.Debug|Any CPU.Build.0 = Debug|Any CPU
		{B9BF2182-D11E-410B-B827-90A9A75DE653}.Release|Any CPU.ActiveCfg = Release|Any CPU
		{B9BF2182-D11E-410B-B827-90A9A75DE653}.Release|Any CPU.Build.0 = Release|Any CPU
		{F6861108-934F-4266-B945-8B3D91B0F646}.Debug|Any CPU.ActiveCfg = Debug|Any CPU
		{F6861108-934F-4266-B945-8B3D91B0F646}.Debug|Any CPU.Build.0 = Debug|Any CPU
		{F6861108-934F-4266-B945-8B3D91B0F646}.Release|Any CPU.ActiveCfg = Release|Any CPU
		{F6861108-934F-4266-B945-8B3D91B0F646}.Release|Any CPU.Build.0 = Release|Any CPU
		{3942F982-49D6-4D1F-A633-6CB362094006}.Debug|Any CPU.ActiveCfg = Debug|Any CPU
		{3942F982-49D6-4D1F-A633-6CB362094006}.Debug|Any CPU.Build.0 = Debug|Any CPU
		{3942F982-49D6-4D1F-A633-6CB362094006}.Release|Any CPU.ActiveCfg = Release|Any CPU
		{3942F982-49D6-4D1F-A633-6CB362094006}.Release|Any CPU.Build.0 = Release|Any CPU
		{D5113070-06C3-4B2E-86CF-75B8C0C129B1}.Debug|Any CPU.ActiveCfg = Debug|Any CPU
		{D5113070-06C3-4B2E-86CF-75B8C0C129B1}.Debug|Any CPU.Build.0 = Debug|Any CPU
		{D5113070-06C3-4B2E-86CF-75B8C0C129B1}.Release|Any CPU.ActiveCfg = Release|Any CPU
		{D5113070-06C3-4B2E-86CF-75B8C0C129B1}.Release|Any CPU.Build.0 = Release|Any CPU
		{888C5A43-44DD-4BB0-8A6C-51D9E4E7555E}.Debug|Any CPU.ActiveCfg = Debug|Any CPU
		{888C5A43-44DD-4BB0-8A6C-51D9E4E7555E}.Debug|Any CPU.Build.0 = Debug|Any CPU
		{888C5A43-44DD-4BB0-8A6C-51D9E4E7555E}.Release|Any CPU.ActiveCfg = Release|Any CPU
		{888C5A43-44DD-4BB0-8A6C-51D9E4E7555E}.Release|Any CPU.Build.0 = Release|Any CPU
		{1477AD69-580C-4485-B6C5-D15B833FE350}.Debug|Any CPU.ActiveCfg = Debug|Any CPU
		{1477AD69-580C-4485-B6C5-D15B833FE350}.Debug|Any CPU.Build.0 = Debug|Any CPU
		{1477AD69-580C-4485-B6C5-D15B833FE350}.Release|Any CPU.ActiveCfg = Release|Any CPU
		{1477AD69-580C-4485-B6C5-D15B833FE350}.Release|Any CPU.Build.0 = Release|Any CPU
		{F089EEEC-D157-4C21-8301-5BF6C03E1A1B}.Debug|Any CPU.ActiveCfg = Debug|Any CPU
		{F089EEEC-D157-4C21-8301-5BF6C03E1A1B}.Debug|Any CPU.Build.0 = Debug|Any CPU
		{F089EEEC-D157-4C21-8301-5BF6C03E1A1B}.Release|Any CPU.ActiveCfg = Release|Any CPU
		{F089EEEC-D157-4C21-8301-5BF6C03E1A1B}.Release|Any CPU.Build.0 = Release|Any CPU
		{13A0D0A2-52B9-4BA4-BAF6-B7E964EA6EB9}.Debug|Any CPU.ActiveCfg = Debug|Any CPU
		{13A0D0A2-52B9-4BA4-BAF6-B7E964EA6EB9}.Debug|Any CPU.Build.0 = Debug|Any CPU
		{13A0D0A2-52B9-4BA4-BAF6-B7E964EA6EB9}.Release|Any CPU.ActiveCfg = Release|Any CPU
		{13A0D0A2-52B9-4BA4-BAF6-B7E964EA6EB9}.Release|Any CPU.Build.0 = Release|Any CPU
	EndGlobalSection
	GlobalSection(SolutionProperties) = preSolution
		HideSolutionNode = FALSE
	EndGlobalSection
	GlobalSection(ExtensibilityGlobals) = postSolution
		SolutionGuid = {5D3F6DD6-07A6-4930-B8B1-7C4AED200619}
	EndGlobalSection
EndGlobal
