
Microsoft Visual Studio Solution File, Format Version 12.00
# Visual Studio 15
VisualStudioVersion = 15.0.28010.2046
MinimumVisualStudioVersion = 10.0.40219.1
Project("{9A19103F-16F7-4668-BE54-9A1E7A4F7556}") = "01. Advertisement Message", "01. Advertisement Message\01. Advertisement Message.csproj", "{B07A9307-9C4F-47EC-B121-6FDE3C390EDF}"
EndProject
Project("{9A19103F-16F7-4668-BE54-9A1E7A4F7556}") = "02. Articles", "02. Articles\02. Articles.csproj", "{2AE66B68-29F3-4D66-AF0B-BC5345C88B86}"
EndProject
Project("{9A19103F-16F7-4668-BE54-9A1E7A4F7556}") = "03. Articles 2.0", "03. Articles 2.0\03. Articles 2.0.csproj", "{43C71534-059D-4E36-9EDB-E1BDCCCEF040}"
EndProject
Project("{9A19103F-16F7-4668-BE54-9A1E7A4F7556}") = "04. Students", "04. Students\04. Students.csproj", "{95914FE4-E475-4801-97F4-38FDA444F682}"
EndProject
Project("{FAE04EC0-301F-11D3-BF4B-00C04F79EFBC}") = "05. Teamwork projects", "05. Teamwork projects\05. Teamwork projects.csproj", "{6A9182A4-D8D1-4877-9BB9-A0BAFC49AAC2}"
EndProject
Global
	GlobalSection(SolutionConfigurationPlatforms) = preSolution
		Debug|Any CPU = Debug|Any CPU
		Release|Any CPU = Release|Any CPU
	EndGlobalSection
	GlobalSection(ProjectConfigurationPlatforms) = postSolution
		{B07A9307-9C4F-47EC-B121-6FDE3C390EDF}.Debug|Any CPU.ActiveCfg = Debug|Any CPU
		{B07A9307-9C4F-47EC-B121-6FDE3C390EDF}.Debug|Any CPU.Build.0 = Debug|Any CPU
		{B07A9307-9C4F-47EC-B121-6FDE3C390EDF}.Release|Any CPU.ActiveCfg = Release|Any CPU
		{B07A9307-9C4F-47EC-B121-6FDE3C390EDF}.Release|Any CPU.Build.0 = Release|Any CPU
		{2AE66B68-29F3-4D66-AF0B-BC5345C88B86}.Debug|Any CPU.ActiveCfg = Debug|Any CPU
		{2AE66B68-29F3-4D66-AF0B-BC5345C88B86}.Debug|Any CPU.Build.0 = Debug|Any CPU
		{2AE66B68-29F3-4D66-AF0B-BC5345C88B86}.Release|Any CPU.ActiveCfg = Release|Any CPU
		{2AE66B68-29F3-4D66-AF0B-BC5345C88B86}.Release|Any CPU.Build.0 = Release|Any CPU
		{43C71534-059D-4E36-9EDB-E1BDCCCEF040}.Debug|Any CPU.ActiveCfg = Debug|Any CPU
		{43C71534-059D-4E36-9EDB-E1BDCCCEF040}.Debug|Any CPU.Build.0 = Debug|Any CPU
		{43C71534-059D-4E36-9EDB-E1BDCCCEF040}.Release|Any CPU.ActiveCfg = Release|Any CPU
		{43C71534-059D-4E36-9EDB-E1BDCCCEF040}.Release|Any CPU.Build.0 = Release|Any CPU
		{95914FE4-E475-4801-97F4-38FDA444F682}.Debug|Any CPU.ActiveCfg = Debug|Any CPU
		{95914FE4-E475-4801-97F4-38FDA444F682}.Debug|Any CPU.Build.0 = Debug|Any CPU
		{95914FE4-E475-4801-97F4-38FDA444F682}.Release|Any CPU.ActiveCfg = Release|Any CPU
		{95914FE4-E475-4801-97F4-38FDA444F682}.Release|Any CPU.Build.0 = Release|Any CPU
		{6A9182A4-D8D1-4877-9BB9-A0BAFC49AAC2}.Debug|Any CPU.ActiveCfg = Debug|Any CPU
		{6A9182A4-D8D1-4877-9BB9-A0BAFC49AAC2}.Debug|Any CPU.Build.0 = Debug|Any CPU
		{6A9182A4-D8D1-4877-9BB9-A0BAFC49AAC2}.Release|Any CPU.ActiveCfg = Release|Any CPU
		{6A9182A4-D8D1-4877-9BB9-A0BAFC49AAC2}.Release|Any CPU.Build.0 = Release|Any CPU
	EndGlobalSection
	GlobalSection(SolutionProperties) = preSolution
		HideSolutionNode = FALSE
	EndGlobalSection
	GlobalSection(ExtensibilityGlobals) = postSolution
		SolutionGuid = {AEF20E1C-1A40-49F1-AF2E-89BE12E9BA4D}
	EndGlobalSection
EndGlobal
